Microsoft Visual Studio Solution File, Format Version 11.00
# Visual Studio 2010
Project("{FAE04EC0-301F-11D3-BF4B-00C04F79EFBC}") = "GameProgrammingPatternsWithUnity", "Assembly-CSharp-firstpass.csproj", "{6549B182-F481-0ADD-D52A-954347073D14}"
EndProject
Project("{FAE04EC0-301F-11D3-BF4B-00C04F79EFBC}") = "GameProgrammingPatternsWithUnity", "Assembly-CSharp.csproj", "{3C6358BE-5418-1A83-94D9-4018EDB86A84}"
EndProject
Project("{FAE04EC0-301F-11D3-BF4B-00C04F79EFBC}") = "GameProgrammingPatternsWithUnity", "Assembly-CSharp-Editor-firstpass.csproj", "{671E0E53-B8EE-5764-71E2-61A8917887CD}"
EndProject
Global
	GlobalSection(SolutionConfigurationPlatforms) = preSolution
		Debug|Any CPU = Debug|Any CPU
		Release|Any CPU = Release|Any CPU
	EndGlobalSection
	GlobalSection(ProjectConfigurationPlatforms) = postSolution
		{6549B182-F481-0ADD-D52A-954347073D14}.Debug|Any CPU.ActiveCfg = Debug|Any CPU
		{6549B182-F481-0ADD-D52A-954347073D14}.Debug|Any CPU.Build.0 = Debug|Any CPU
		{6549B182-F481-0ADD-D52A-954347073D14}.Release|Any CPU.ActiveCfg = Release|Any CPU
		{6549B182-F481-0ADD-D52A-954347073D14}.Release|Any CPU.Build.0 = Release|Any CPU
		{3C6358BE-5418-1A83-94D9-4018EDB86A84}.Debug|Any CPU.ActiveCfg = Debug|Any CPU
		{3C6358BE-5418-1A83-94D9-4018EDB86A84}.Debug|Any CPU.Build.0 = Debug|Any CPU
		{3C6358BE-5418-1A83-94D9-4018EDB86A84}.Release|Any CPU.ActiveCfg = Release|Any CPU
		{3C6358BE-5418-1A83-94D9-4018EDB86A84}.Release|Any CPU.Build.0 = Release|Any CPU
		{671E0E53-B8EE-5764-71E2-61A8917887CD}.Debug|Any CPU.ActiveCfg = Debug|Any CPU
		{671E0E53-B8EE-5764-71E2-61A8917887CD}.Debug|Any CPU.Build.0 = Debug|Any CPU
		{671E0E53-B8EE-5764-71E2-61A8917887CD}.Release|Any CPU.ActiveCfg = Release|Any CPU
		{671E0E53-B8EE-5764-71E2-61A8917887CD}.Release|Any CPU.Build.0 = Release|Any CPU
	EndGlobalSection
	GlobalSection(MonoDevelopProperties) = preSolution
		StartupItem = Assembly-CSharp.csproj
	EndGlobalSection
EndGlobal
